
Microsoft Visual Studio Solution File, Format Version 12.00
# Visual Studio Version 17
VisualStudioVersion = 17.3.32901.215
MinimumVisualStudioVersion = 10.0.40219.1
Project("{FAE04EC0-301F-11D3-BF4B-00C04F79EFBC}") = "Inventory", "Inventory\Inventory.csproj", "{5D6D2BEC-E5A2-4462-9706-966F0C0B78F4}"
EndProject
Global
	GlobalSection(SolutionConfigurationPlatforms) = preSolution
		Debug|Any CPU = Debug|Any CPU
		Release|Any CPU = Release|Any CPU
	EndGlobalSection
	GlobalSection(ProjectConfigurationPlatforms) = postSolution
		{5D6D2BEC-E5A2-4462-9706-966F0C0B78F4}.Debug|Any CPU.ActiveCfg = Debug|Any CPU
		{5D6D2BEC-E5A2-4462-9706-966F0C0B78F4}.Debug|Any CPU.Build.0 = Debug|Any CPU
		{5D6D2BEC-E5A2-4462-9706-966F0C0B78F4}.Release|Any CPU.ActiveCfg = Release|Any CPU
		{5D6D2BEC-E5A2-4462-9706-966F0C0B78F4}.Release|Any CPU.Build.0 = Release|Any CPU
	EndGlobalSection
	GlobalSection(SolutionProperties) = preSolution
		HideSolutionNode = FALSE
	EndGlobalSection
	GlobalSection(ExtensibilityGlobals) = postSolution
		SolutionGuid = {B23C92BB-1E6C-4048-9219-AEDF07351531}
	EndGlobalSection
EndGlobal
